{
  "name": "@arijs/vue-prerender",
  "version": "0.0.1",
  "lockfileVersion": 1,
  "requires": true,
  "dependencies": {
    "@arijs/stream-xml-parser": {
      "version": "0.2.0",
      "resolved": "https://registry.npmjs.org/@arijs/stream-xml-parser/-/stream-xml-parser-0.2.0.tgz",
      "integrity": "sha512-dh37xMNE/ry+fUzKG+BKT9gHGqg2q/3d0Ejx2FyLRE5dyj0OZO087fgTnzgl6IDO4qAerRPUBzVk5iTa+OGF1w=="
    }
  }
}
